
Microsoft Visual Studio Solution File, Format Version 12.00
# Visual Studio Version 17
VisualStudioVersion = 17.3.32929.385
MinimumVisualStudioVersion = 10.0.40219.1
Project("{FAE04EC0-301F-11D3-BF4B-00C04F79EFBC}") = "Tsk1", "Tsk1\Tsk1.csproj", "{6A64304B-A766-4143-B0F0-29F40E8B5A7C}"
EndProject
Project("{FAE04EC0-301F-11D3-BF4B-00C04F79EFBC}") = "Tsk2", "Tsk2\Tsk2.csproj", "{C8E83A72-D71A-492C-8C1B-F34B68F99ED4}"
EndProject
Global
	GlobalSection(SolutionConfigurationPlatforms) = preSolution
		Debug|Any CPU = Debug|Any CPU
		Release|Any CPU = Release|Any CPU
	EndGlobalSection
	GlobalSection(ProjectConfigurationPlatforms) = postSolution
		{6A64304B-A766-4143-B0F0-29F40E8B5A7C}.Debug|Any CPU.ActiveCfg = Debug|Any CPU
		{6A64304B-A766-4143-B0F0-29F40E8B5A7C}.Debug|Any CPU.Build.0 = Debug|Any CPU
		{6A64304B-A766-4143-B0F0-29F40E8B5A7C}.Release|Any CPU.ActiveCfg = Release|Any CPU
		{6A64304B-A766-4143-B0F0-29F40E8B5A7C}.Release|Any CPU.Build.0 = Release|Any CPU
		{C8E83A72-D71A-492C-8C1B-F34B68F99ED4}.Debug|Any CPU.ActiveCfg = Debug|Any CPU
		{C8E83A72-D71A-492C-8C1B-F34B68F99ED4}.Debug|Any CPU.Build.0 = Debug|Any CPU
		{C8E83A72-D71A-492C-8C1B-F34B68F99ED4}.Release|Any CPU.ActiveCfg = Release|Any CPU
		{C8E83A72-D71A-492C-8C1B-F34B68F99ED4}.Release|Any CPU.Build.0 = Release|Any CPU
	EndGlobalSection
	GlobalSection(SolutionProperties) = preSolution
		HideSolutionNode = FALSE
	EndGlobalSection
	GlobalSection(ExtensibilityGlobals) = postSolution
		SolutionGuid = {8EB14BAB-0760-4727-8AA2-F5C7DEF50A74}
	EndGlobalSection
EndGlobal
